{
  "version": 4,
  "terraform_version": "1.10.2",
  "serial": 43,
  "lineage": "8582a008-1484-9bd5-fb5d-7f7839ba9105",
  "outputs": {
    "instance_ips": {
      "value": [
        "10.128.0.10",
        "10.128.0.11"
      ],
      "type": [
        "tuple",
        [
          "string",
          "string"
        ]
      ]
    }
  },
  "resources": [
    {
      "mode": "managed",
      "type": "yandex_compute_instance",
      "name": "ubuntu_servers",
      "provider": "provider[\"registry.terraform.io/yandex-cloud/yandex\"]",
      "instances": [
        {
          "index_key": "ubuntu_server_1",
          "schema_version": 1,
          "attributes": {
            "allow_recreate": null,
            "allow_stopping_for_update": true,
            "boot_disk": [
              {
                "auto_delete": true,
                "device_name": "fhms1l71upv66pqgfs4p",
                "disk_id": "fhms1l71upv66pqgfs4p",
                "initialize_params": [
                  {
                    "block_size": 4096,
                    "description": "",
                    "image_id": "fd874d4jo8jbroqs6d7i",
                    "name": "",
                    "size": 30,
                    "snapshot_id": "",
                    "type": "network-hdd"
                  }
                ],
                "mode": "READ_WRITE"
              }
            ],
            "created_at": "2024-12-20T14:37:09Z",
            "description": "",
            "filesystem": [],
            "folder_id": "b1g7nkfc490qgggp3ljq",
            "fqdn": "fhmeb9epn7uu7v6ns1b3.auto.internal",
            "gpu_cluster_id": "",
            "hardware_generation": [
              {
                "generation2_features": [],
                "legacy_features": [
                  {
                    "pci_topology": "PCI_TOPOLOGY_V1"
                  }
                ]
              }
            ],
            "hostname": "",
            "id": "fhmeb9epn7uu7v6ns1b3",
            "labels": null,
            "local_disk": [],
            "maintenance_grace_period": "",
            "maintenance_policy": null,
            "metadata": {
              "user-data": "#cloud-config\n\nhostname: master\nusers:\n  - name: shumkin\n    groups: sudo\n    sudo: ALL=(ALL) NOPASSWD:ALL\n    shell: /bin/bash\n    lock_passwd: false\n    passwd: $6$O4YxNeGC3MDUMxls$prdozDM7DUhGF8x9o0NbpZqwjF2sK.xEDUmBOHZCEcWZmOLOGuro9Tk6FBcyOqj3gE01uswSxG3G4DwhVUtJa0\n    ssh-authorized-keys:\n      - ssh-rsa AAAAB3NzaC1yc2EAAAADAQABAAABgQDpsjo2OMR/Gd5witZPFWuolL+4XIA7imBROUGbJluSjBQCaotTTfAotZA+CvzIAMAnGc62t93okKbcVxxBErcVyi8SsxrSbnKaLhFHlLRVsPPdjt2jtfwz4e07pTm5EzWt+D3AD9m3Rd7Dz5lnlchg85v1Vr4L8TuWzesZnbBVSmOYncG/Tcs1TrLZcVlNj6qlc7KF1A31kukmY4EMluzvD12eX3EL2LuePzR8Wt0Xh77k514GLaOOKQn4ffrY71as/HA1PMUmu+8QXmE8NYCcivZrMqB2bMLflZ+mbaYe1HiuS98mVSiq+m9nfebF9ZBmxjR15BEDLkBjf07FgBsT3ghomdxbAA+NqiRVuNBfPlEuqMUaB+gHCLEgw3nEmwKBGO4UIHLVl9KurtH15Kp8zbbQ5GJDOgrl7zvRkUD+YxwDBJf+M0TAkruhJ2lXHgh8bj+f9AZteuQJ7IjlL83WP3Bhd50+BA2ncCwgWfLP1zVQtevxjj2+RBuDR8/FoOU= shumkin-aleksandr-yurevich@shumkin-aleksandr-yurevich-VMware-Virtual-Platform\nchpasswd:\n    expire: false\n"
            },
            "metadata_options": [
              {
                "aws_v1_http_endpoint": 1,
                "aws_v1_http_token": 2,
                "gce_http_endpoint": 1,
                "gce_http_token": 1
              }
            ],
            "name": "master",
            "network_acceleration_type": "standard",
            "network_interface": [
              {
                "dns_record": [],
                "index": 0,
                "ip_address": "10.128.0.10",
                "ipv4": true,
                "ipv6": false,
                "ipv6_address": "",
                "ipv6_dns_record": [],
                "mac_address": "d0:0d:e5:a5:d9:b9",
                "nat": true,
                "nat_dns_record": [],
                "nat_ip_address": "89.169.139.243",
                "nat_ip_version": "IPV4",
                "security_group_ids": [],
                "subnet_id": "e9biopolv3b0tihpvqc0"
              }
            ],
            "placement_policy": [
              {
                "host_affinity_rules": [],
                "placement_group_id": "",
                "placement_group_partition": 0
              }
            ],
            "platform_id": "standard-v1",
            "resources": [
              {
                "core_fraction": 100,
                "cores": 2,
                "gpus": 0,
                "memory": 4
              }
            ],
            "scheduling_policy": [
              {
                "preemptible": false
              }
            ],
            "secondary_disk": [],
            "service_account_id": "",
            "status": "running",
            "timeouts": null,
            "zone": "ru-central1-a"
          },
          "sensitive_attributes": [],
          "private": "eyJlMmJmYjczMC1lY2FhLTExZTYtOGY4OC0zNDM2M2JjN2M0YzAiOnsiY3JlYXRlIjozMDAwMDAwMDAwMDAsImRlbGV0ZSI6MzAwMDAwMDAwMDAwLCJ1cGRhdGUiOjMwMDAwMDAwMDAwMH0sInNjaGVtYV92ZXJzaW9uIjoiMSJ9"
        },
        {
          "index_key": "ubuntu_server_2",
          "schema_version": 1,
          "attributes": {
            "allow_recreate": null,
            "allow_stopping_for_update": true,
            "boot_disk": [
              {
                "auto_delete": true,
                "device_name": "fhm1gilp3r65mmp2hhtp",
                "disk_id": "fhm1gilp3r65mmp2hhtp",
                "initialize_params": [
                  {
                    "block_size": 4096,
                    "description": "",
                    "image_id": "fd874d4jo8jbroqs6d7i",
                    "name": "",
                    "size": 30,
                    "snapshot_id": "",
                    "type": "network-hdd"
                  }
                ],
                "mode": "READ_WRITE"
              }
            ],
            "created_at": "2024-12-20T14:37:09Z",
            "description": "",
            "filesystem": [],
            "folder_id": "b1g7nkfc490qgggp3ljq",
            "fqdn": "fhmngdntchhh5t0abc64.auto.internal",
            "gpu_cluster_id": "",
            "hardware_generation": [
              {
                "generation2_features": [],
                "legacy_features": [
                  {
                    "pci_topology": "PCI_TOPOLOGY_V1"
                  }
                ]
              }
            ],
            "hostname": "",
            "id": "fhmngdntchhh5t0abc64",
            "labels": null,
            "local_disk": [],
            "maintenance_grace_period": "",
            "maintenance_policy": null,
            "metadata": {
              "user-data": "#cloud-config\n\nhostname: worker\nusers:\n  - name: shumkin\n    groups: sudo\n    sudo: ALL=(ALL) NOPASSWD:ALL\n    shell: /bin/bash\n    lock_passwd: false\n    passwd: $6$O4YxNeGC3MDUMxls$prdozDM7DUhGF8x9o0NbpZqwjF2sK.xEDUmBOHZCEcWZmOLOGuro9Tk6FBcyOqj3gE01uswSxG3G4DwhVUtJa0\n    ssh-authorized-keys:\n      - ssh-rsa AAAAB3NzaC1yc2EAAAADAQABAAABgQDpsjo2OMR/Gd5witZPFWuolL+4XIA7imBROUGbJluSjBQCaotTTfAotZA+CvzIAMAnGc62t93okKbcVxxBErcVyi8SsxrSbnKaLhFHlLRVsPPdjt2jtfwz4e07pTm5EzWt+D3AD9m3Rd7Dz5lnlchg85v1Vr4L8TuWzesZnbBVSmOYncG/Tcs1TrLZcVlNj6qlc7KF1A31kukmY4EMluzvD12eX3EL2LuePzR8Wt0Xh77k514GLaOOKQn4ffrY71as/HA1PMUmu+8QXmE8NYCcivZrMqB2bMLflZ+mbaYe1HiuS98mVSiq+m9nfebF9ZBmxjR15BEDLkBjf07FgBsT3ghomdxbAA+NqiRVuNBfPlEuqMUaB+gHCLEgw3nEmwKBGO4UIHLVl9KurtH15Kp8zbbQ5GJDOgrl7zvRkUD+YxwDBJf+M0TAkruhJ2lXHgh8bj+f9AZteuQJ7IjlL83WP3Bhd50+BA2ncCwgWfLP1zVQtevxjj2+RBuDR8/FoOU= shumkin-aleksandr-yurevich@shumkin-aleksandr-yurevich-VMware-Virtual-Platform\nchpasswd:\n    expire: false\n"
            },
            "metadata_options": [
              {
                "aws_v1_http_endpoint": 1,
                "aws_v1_http_token": 2,
                "gce_http_endpoint": 1,
                "gce_http_token": 1
              }
            ],
            "name": "worker",
            "network_acceleration_type": "standard",
            "network_interface": [
              {
                "dns_record": [],
                "index": 0,
                "ip_address": "10.128.0.11",
                "ipv4": true,
                "ipv6": false,
                "ipv6_address": "",
                "ipv6_dns_record": [],
                "mac_address": "d0:0d:17:83:6f:d6",
                "nat": true,
                "nat_dns_record": [],
                "nat_ip_address": "89.169.148.131",
                "nat_ip_version": "IPV4",
                "security_group_ids": [],
                "subnet_id": "e9biopolv3b0tihpvqc0"
              }
            ],
            "placement_policy": [
              {
                "host_affinity_rules": [],
                "placement_group_id": "",
                "placement_group_partition": 0
              }
            ],
            "platform_id": "standard-v1",
            "resources": [
              {
                "core_fraction": 100,
                "cores": 2,
                "gpus": 0,
                "memory": 4
              }
            ],
            "scheduling_policy": [
              {
                "preemptible": false
              }
            ],
            "secondary_disk": [],
            "service_account_id": "",
            "status": "running",
            "timeouts": null,
            "zone": "ru-central1-a"
          },
          "sensitive_attributes": [],
          "private": "eyJlMmJmYjczMC1lY2FhLTExZTYtOGY4OC0zNDM2M2JjN2M0YzAiOnsiY3JlYXRlIjozMDAwMDAwMDAwMDAsImRlbGV0ZSI6MzAwMDAwMDAwMDAwLCJ1cGRhdGUiOjMwMDAwMDAwMDAwMH0sInNjaGVtYV92ZXJzaW9uIjoiMSJ9"
        }
      ]
    }
  ],
  "check_results": null
}
